
Microsoft Visual Studio Solution File, Format Version 12.00
# Visual Studio Version 17
VisualStudioVersion = 17.7.34024.191
MinimumVisualStudioVersion = 10.0.40219.1
Project("{9A19103F-16F7-4668-BE54-9A1E7A4F7556}") = "AoC_2023_Day1", "AoC_2023_Day1\AoC_2023_Day1.csproj", "{410A2B3C-2E40-446B-8762-C76D659265EC}"
EndProject
Project("{F2A71F9B-5D33-465A-A702-920D77279786}") = "AoC_2023_Day1_FS", "AoC_2023_Day1_FS\AoC_2023_Day1_FS.fsproj", "{50433617-7A72-4DA8-A937-F5A29F4ACFBF}"
EndProject
Global
	GlobalSection(SolutionConfigurationPlatforms) = preSolution
		Debug|Any CPU = Debug|Any CPU
		Release|Any CPU = Release|Any CPU
	EndGlobalSection
	GlobalSection(ProjectConfigurationPlatforms) = postSolution
		{410A2B3C-2E40-446B-8762-C76D659265EC}.Debug|Any CPU.ActiveCfg = Debug|Any CPU
		{410A2B3C-2E40-446B-8762-C76D659265EC}.Debug|Any CPU.Build.0 = Debug|Any CPU
		{410A2B3C-2E40-446B-8762-C76D659265EC}.Release|Any CPU.ActiveCfg = Release|Any CPU
		{410A2B3C-2E40-446B-8762-C76D659265EC}.Release|Any CPU.Build.0 = Release|Any CPU
		{50433617-7A72-4DA8-A937-F5A29F4ACFBF}.Debug|Any CPU.ActiveCfg = Debug|Any CPU
		{50433617-7A72-4DA8-A937-F5A29F4ACFBF}.Debug|Any CPU.Build.0 = Debug|Any CPU
		{50433617-7A72-4DA8-A937-F5A29F4ACFBF}.Release|Any CPU.ActiveCfg = Release|Any CPU
		{50433617-7A72-4DA8-A937-F5A29F4ACFBF}.Release|Any CPU.Build.0 = Release|Any CPU
	EndGlobalSection
	GlobalSection(SolutionProperties) = preSolution
		HideSolutionNode = FALSE
	EndGlobalSection
	GlobalSection(ExtensibilityGlobals) = postSolution
		SolutionGuid = {C65BA3F1-A2DA-41BC-8C76-6F889F0DED78}
	EndGlobalSection
EndGlobal
